
Microsoft Visual Studio Solution File, Format Version 12.00
# Visual Studio 15
Project("{FAE04EC0-301F-11D3-BF4B-00C04F79EFBC}") = "Assembly-CSharp", "Assembly-CSharp.csproj", "{7D6D1F31-B822-F408-1E3E-27CC8B4BDB1D}"
EndProject
Project("{FAE04EC0-301F-11D3-BF4B-00C04F79EFBC}") = "Assembly-CSharp-Editor", "Assembly-CSharp-Editor.csproj", "{74D55D46-62F1-A8FD-AE0F-D3EA4AD5AB25}"
EndProject
Global
	GlobalSection(SolutionConfigurationPlatforms) = preSolution
		Debug|Any CPU = Debug|Any CPU
		Release|Any CPU = Release|Any CPU
	EndGlobalSection
	GlobalSection(ProjectConfigurationPlatforms) = postSolution
		{7D6D1F31-B822-F408-1E3E-27CC8B4BDB1D}.Debug|Any CPU.ActiveCfg = Debug|Any CPU
		{7D6D1F31-B822-F408-1E3E-27CC8B4BDB1D}.Debug|Any CPU.Build.0 = Debug|Any CPU
		{7D6D1F31-B822-F408-1E3E-27CC8B4BDB1D}.Release|Any CPU.ActiveCfg = Release|Any CPU
		{7D6D1F31-B822-F408-1E3E-27CC8B4BDB1D}.Release|Any CPU.Build.0 = Release|Any CPU
		{74D55D46-62F1-A8FD-AE0F-D3EA4AD5AB25}.Debug|Any CPU.ActiveCfg = Debug|Any CPU
		{74D55D46-62F1-A8FD-AE0F-D3EA4AD5AB25}.Debug|Any CPU.Build.0 = Debug|Any CPU
		{74D55D46-62F1-A8FD-AE0F-D3EA4AD5AB25}.Release|Any CPU.ActiveCfg = Release|Any CPU
		{74D55D46-62F1-A8FD-AE0F-D3EA4AD5AB25}.Release|Any CPU.Build.0 = Release|Any CPU
	EndGlobalSection
	GlobalSection(SolutionProperties) = preSolution
		HideSolutionNode = FALSE
	EndGlobalSection
EndGlobal
